
Microsoft Visual Studio Solution File, Format Version 12.00
# Visual Studio Version 16
VisualStudioVersion = 16.0.32228.343
MinimumVisualStudioVersion = 10.0.40219.1
Project("{888888A0-9F3D-457C-B088-3A5042F75D52}") = "password generator", "password generator.pyproj", "{3B7B663F-FAEC-4FE6-A416-2E44B0EE5835}"
EndProject
Global
	GlobalSection(SolutionConfigurationPlatforms) = preSolution
		Debug|Any CPU = Debug|Any CPU
		Release|Any CPU = Release|Any CPU
	EndGlobalSection
	GlobalSection(ProjectConfigurationPlatforms) = postSolution
		{3B7B663F-FAEC-4FE6-A416-2E44B0EE5835}.Debug|Any CPU.ActiveCfg = Debug|Any CPU
		{3B7B663F-FAEC-4FE6-A416-2E44B0EE5835}.Release|Any CPU.ActiveCfg = Release|Any CPU
	EndGlobalSection
	GlobalSection(SolutionProperties) = preSolution
		HideSolutionNode = FALSE
	EndGlobalSection
	GlobalSection(ExtensibilityGlobals) = postSolution
		SolutionGuid = {7AC72831-E3E7-460E-82B9-D12C7B97EFED}
	EndGlobalSection
EndGlobal
